
Microsoft Visual Studio Solution File, Format Version 12.00
# Visual Studio Version 17
VisualStudioVersion = 17.8.34511.84
MinimumVisualStudioVersion = 10.0.40219.1
Project("{FAE04EC0-301F-11D3-BF4B-00C04F79EFBC}") = "Pclasses2", "Pclasses2\Pclasses2.csproj", "{BBAA841B-5C0E-4DBA-B16B-989D5F62A612}"
EndProject
Global
	GlobalSection(SolutionConfigurationPlatforms) = preSolution
		Debug|Any CPU = Debug|Any CPU
		Release|Any CPU = Release|Any CPU
	EndGlobalSection
	GlobalSection(ProjectConfigurationPlatforms) = postSolution
		{BBAA841B-5C0E-4DBA-B16B-989D5F62A612}.Debug|Any CPU.ActiveCfg = Debug|Any CPU
		{BBAA841B-5C0E-4DBA-B16B-989D5F62A612}.Debug|Any CPU.Build.0 = Debug|Any CPU
		{BBAA841B-5C0E-4DBA-B16B-989D5F62A612}.Release|Any CPU.ActiveCfg = Release|Any CPU
		{BBAA841B-5C0E-4DBA-B16B-989D5F62A612}.Release|Any CPU.Build.0 = Release|Any CPU
	EndGlobalSection
	GlobalSection(SolutionProperties) = preSolution
		HideSolutionNode = FALSE
	EndGlobalSection
	GlobalSection(ExtensibilityGlobals) = postSolution
		SolutionGuid = {E5301C18-808C-46BF-9748-8DEE0D79427F}
	EndGlobalSection
EndGlobal
